
Microsoft Visual Studio Solution File, Format Version 12.00
# Visual Studio Version 17
VisualStudioVersion = 17.5.002.0
MinimumVisualStudioVersion = 10.0.40219.1
Project("{2150E333-8FDC-42A3-9474-1A3956D46DE8}") = "csharp-prep", "csharp-prep", "{2FB8BE07-D410-42BA-B41E-358185F47C47}"
EndProject
Project("{9A19103F-16F7-4668-BE54-9A1E7A4F7556}") = "Prep1", "csharp-prep\Prep1\Prep1.csproj", "{3AF09980-52AA-4511-BF31-CC4B096E9B17}"
EndProject
Project("{9A19103F-16F7-4668-BE54-9A1E7A4F7556}") = "Prep2", "csharp-prep\Prep2\Prep2.csproj", "{65000CBA-F23A-4C83-9E17-FDF9B48B7579}"
EndProject
Project("{9A19103F-16F7-4668-BE54-9A1E7A4F7556}") = "Prep3", "csharp-prep\Prep3\Prep3.csproj", "{C97BECE2-3B9E-4AAF-8C55-4F2227962580}"
EndProject
Project("{9A19103F-16F7-4668-BE54-9A1E7A4F7556}") = "Prep4", "csharp-prep\Prep4\Prep4.csproj", "{32F061D2-1DA9-4861-BC0E-93605ECA556E}"
EndProject
Project("{9A19103F-16F7-4668-BE54-9A1E7A4F7556}") = "Prep5", "csharp-prep\Prep5\Prep5.csproj", "{A35834E7-E649-4541-BEE5-0D193D3830ED}"
EndProject
Project("{2150E333-8FDC-42A3-9474-1A3956D46DE8}") = "final", "final", "{BFE1C8B9-5012-4E52-B8CD-AF967049584D}"
EndProject
Project("{9A19103F-16F7-4668-BE54-9A1E7A4F7556}") = "FinalProject", "final\FinalProject\FinalProject.csproj", "{D0C3423F-51C9-4D94-8135-078F420648B6}"
EndProject
Project("{9A19103F-16F7-4668-BE54-9A1E7A4F7556}") = "Foundation1", "final\Foundation1\Foundation1.csproj", "{1C51E3CF-5B8D-4F95-A151-FBA76B643B3A}"
EndProject
Project("{9A19103F-16F7-4668-BE54-9A1E7A4F7556}") = "Foundation2", "final\Foundation2\Foundation2.csproj", "{79C3D7FC-147A-40B1-A569-50368343693F}"
EndProject
Project("{9A19103F-16F7-4668-BE54-9A1E7A4F7556}") = "Foundation3", "final\Foundation3\Foundation3.csproj", "{257F9A09-9522-4866-B4F8-B502458F6A17}"
EndProject
Project("{9A19103F-16F7-4668-BE54-9A1E7A4F7556}") = "Foundation4", "final\Foundation4\Foundation4.csproj", "{AB47438E-7076-44F9-947A-BAB9C8E3209C}"
EndProject
Project("{2150E333-8FDC-42A3-9474-1A3956D46DE8}") = "prepare", "prepare", "{13E4DBE5-223F-4891-9B53-624C1BC152F8}"
EndProject
Project("{9A19103F-16F7-4668-BE54-9A1E7A4F7556}") = "Learning02", "prepare\Learning02\Learning02.csproj", "{7065A409-2E02-4E0A-B0EE-2C52FA3F729A}"
EndProject
Project("{9A19103F-16F7-4668-BE54-9A1E7A4F7556}") = "Learning03", "prepare\Learning03\Learning03.csproj", "{80A1499E-393E-4428-B133-48B58CB2917D}"
EndProject
Project("{9A19103F-16F7-4668-BE54-9A1E7A4F7556}") = "Learning04", "prepare\Learning04\Learning04.csproj", "{8020BDF4-55C1-4D46-BEAE-614E4D7926C3}"
EndProject
Project("{9A19103F-16F7-4668-BE54-9A1E7A4F7556}") = "Learning05", "prepare\Learning05\Learning05.csproj", "{FB5A8C72-7816-436F-87B3-242CB600037C}"
EndProject
Project("{2150E333-8FDC-42A3-9474-1A3956D46DE8}") = "prove", "prove", "{E37B7352-1594-4ECD-9077-A5553ACDF174}"
EndProject
Project("{9A19103F-16F7-4668-BE54-9A1E7A4F7556}") = "Develop02", "prove\Develop02\Develop02.csproj", "{55696111-0D68-4FB1-86F1-16C43023354A}"
EndProject
Project("{9A19103F-16F7-4668-BE54-9A1E7A4F7556}") = "Develop03", "prove\Develop03\Develop03.csproj", "{C669F4E8-AC2A-4D6C-A471-7E0EF4F99F34}"
EndProject
Project("{9A19103F-16F7-4668-BE54-9A1E7A4F7556}") = "Develop04", "prove\Develop04\Develop04.csproj", "{F116B06A-3AAB-4CE6-8615-A219C70E52B1}"
EndProject
Project("{9A19103F-16F7-4668-BE54-9A1E7A4F7556}") = "Develop05", "prove\Develop05\Develop05.csproj", "{E71B5714-0F38-47EE-AEFC-64EB192C538D}"
EndProject
Project("{2150E333-8FDC-42A3-9474-1A3956D46DE8}") = "sandbox", "sandbox", "{CC115987-4EC1-417E-AC9B-31985DAE90FE}"
EndProject
Project("{9A19103F-16F7-4668-BE54-9A1E7A4F7556}") = "Sandbox", "sandbox\Sandbox\Sandbox.csproj", "{8D66D190-3717-40E4-B75A-E9BE35BF8A70}"
EndProject
Global
	GlobalSection(SolutionConfigurationPlatforms) = preSolution
		Debug|Any CPU = Debug|Any CPU
		Release|Any CPU = Release|Any CPU
	EndGlobalSection
	GlobalSection(ProjectConfigurationPlatforms) = postSolution
		{3AF09980-52AA-4511-BF31-CC4B096E9B17}.Debug|Any CPU.ActiveCfg = Debug|Any CPU
		{3AF09980-52AA-4511-BF31-CC4B096E9B17}.Debug|Any CPU.Build.0 = Debug|Any CPU
		{3AF09980-52AA-4511-BF31-CC4B096E9B17}.Release|Any CPU.ActiveCfg = Release|Any CPU
		{3AF09980-52AA-4511-BF31-CC4B096E9B17}.Release|Any CPU.Build.0 = Release|Any CPU
		{65000CBA-F23A-4C83-9E17-FDF9B48B7579}.Debug|Any CPU.ActiveCfg = Debug|Any CPU
		{65000CBA-F23A-4C83-9E17-FDF9B48B7579}.Debug|Any CPU.Build.0 = Debug|Any CPU
		{65000CBA-F23A-4C83-9E17-FDF9B48B7579}.Release|Any CPU.ActiveCfg = Release|Any CPU
		{65000CBA-F23A-4C83-9E17-FDF9B48B7579}.Release|Any CPU.Build.0 = Release|Any CPU
		{C97BECE2-3B9E-4AAF-8C55-4F2227962580}.Debug|Any CPU.ActiveCfg = Debug|Any CPU
		{C97BECE2-3B9E-4AAF-8C55-4F2227962580}.Debug|Any CPU.Build.0 = Debug|Any CPU
		{C97BECE2-3B9E-4AAF-8C55-4F2227962580}.Release|Any CPU.ActiveCfg = Release|Any CPU
		{C97BECE2-3B9E-4AAF-8C55-4F2227962580}.Release|Any CPU.Build.0 = Release|Any CPU
		{32F061D2-1DA9-4861-BC0E-93605ECA556E}.Debug|Any CPU.ActiveCfg = Debug|Any CPU
		{32F061D2-1DA9-4861-BC0E-93605ECA556E}.Debug|Any CPU.Build.0 = Debug|Any CPU
		{32F061D2-1DA9-4861-BC0E-93605ECA556E}.Release|Any CPU.ActiveCfg = Release|Any CPU
		{32F061D2-1DA9-4861-BC0E-93605ECA556E}.Release|Any CPU.Build.0 = Release|Any CPU
		{A35834E7-E649-4541-BEE5-0D193D3830ED}.Debug|Any CPU.ActiveCfg = Debug|Any CPU
		{A35834E7-E649-4541-BEE5-0D193D3830ED}.Debug|Any CPU.Build.0 = Debug|Any CPU
		{A35834E7-E649-4541-BEE5-0D193D3830ED}.Release|Any CPU.ActiveCfg = Release|Any CPU
		{A35834E7-E649-4541-BEE5-0D193D3830ED}.Release|Any CPU.Build.0 = Release|Any CPU
		{D0C3423F-51C9-4D94-8135-078F420648B6}.Debug|Any CPU.ActiveCfg = Debug|Any CPU
		{D0C3423F-51C9-4D94-8135-078F420648B6}.Debug|Any CPU.Build.0 = Debug|Any CPU
		{D0C3423F-51C9-4D94-8135-078F420648B6}.Release|Any CPU.ActiveCfg = Release|Any CPU
		{D0C3423F-51C9-4D94-8135-078F420648B6}.Release|Any CPU.Build.0 = Release|Any CPU
		{1C51E3CF-5B8D-4F95-A151-FBA76B643B3A}.Debug|Any CPU.ActiveCfg = Debug|Any CPU
		{1C51E3CF-5B8D-4F95-A151-FBA76B643B3A}.Debug|Any CPU.Build.0 = Debug|Any CPU
		{1C51E3CF-5B8D-4F95-A151-FBA76B643B3A}.Release|Any CPU.ActiveCfg = Release|Any CPU
		{1C51E3CF-5B8D-4F95-A151-FBA76B643B3A}.Release|Any CPU.Build.0 = Release|Any CPU
		{79C3D7FC-147A-40B1-A569-50368343693F}.Debug|Any CPU.ActiveCfg = Debug|Any CPU
		{79C3D7FC-147A-40B1-A569-50368343693F}.Debug|Any CPU.Build.0 = Debug|Any CPU
		{79C3D7FC-147A-40B1-A569-50368343693F}.Release|Any CPU.ActiveCfg = Release|Any CPU
		{79C3D7FC-147A-40B1-A569-50368343693F}.Release|Any CPU.Build.0 = Release|Any CPU
		{257F9A09-9522-4866-B4F8-B502458F6A17}.Debug|Any CPU.ActiveCfg = Debug|Any CPU
		{257F9A09-9522-4866-B4F8-B502458F6A17}.Debug|Any CPU.Build.0 = Debug|Any CPU
		{257F9A09-9522-4866-B4F8-B502458F6A17}.Release|Any CPU.ActiveCfg = Release|Any CPU
		{257F9A09-9522-4866-B4F8-B502458F6A17}.Release|Any CPU.Build.0 = Release|Any CPU
		{AB47438E-7076-44F9-947A-BAB9C8E3209C}.Debug|Any CPU.ActiveCfg = Debug|Any CPU
		{AB47438E-7076-44F9-947A-BAB9C8E3209C}.Debug|Any CPU.Build.0 = Debug|Any CPU
		{AB47438E-7076-44F9-947A-BAB9C8E3209C}.Release|Any CPU.ActiveCfg = Release|Any CPU
		{AB47438E-7076-44F9-947A-BAB9C8E3209C}.Release|Any CPU.Build.0 = Release|Any CPU
		{7065A409-2E02-4E0A-B0EE-2C52FA3F729A}.Debug|Any CPU.ActiveCfg = Debug|Any CPU
		{7065A409-2E02-4E0A-B0EE-2C52FA3F729A}.Debug|Any CPU.Build.0 = Debug|Any CPU
		{7065A409-2E02-4E0A-B0EE-2C52FA3F729A}.Release|Any CPU.ActiveCfg = Release|Any CPU
		{7065A409-2E02-4E0A-B0EE-2C52FA3F729A}.Release|Any CPU.Build.0 = Release|Any CPU
		{80A1499E-393E-4428-B133-48B58CB2917D}.Debug|Any CPU.ActiveCfg = Debug|Any CPU
		{80A1499E-393E-4428-B133-48B58CB2917D}.Debug|Any CPU.Build.0 = Debug|Any CPU
		{80A1499E-393E-4428-B133-48B58CB2917D}.Release|Any CPU.ActiveCfg = Release|Any CPU
		{80A1499E-393E-4428-B133-48B58CB2917D}.Release|Any CPU.Build.0 = Release|Any CPU
		{8020BDF4-55C1-4D46-BEAE-614E4D7926C3}.Debug|Any CPU.ActiveCfg = Debug|Any CPU
		{8020BDF4-55C1-4D46-BEAE-614E4D7926C3}.Debug|Any CPU.Build.0 = Debug|Any CPU
		{8020BDF4-55C1-4D46-BEAE-614E4D7926C3}.Release|Any CPU.ActiveCfg = Release|Any CPU
		{8020BDF4-55C1-4D46-BEAE-614E4D7926C3}.Release|Any CPU.Build.0 = Release|Any CPU
		{FB5A8C72-7816-436F-87B3-242CB600037C}.Debug|Any CPU.ActiveCfg = Debug|Any CPU
		{FB5A8C72-7816-436F-87B3-242CB600037C}.Debug|Any CPU.Build.0 = Debug|Any CPU
		{FB5A8C72-7816-436F-87B3-242CB600037C}.Release|Any CPU.ActiveCfg = Release|Any CPU
		{FB5A8C72-7816-436F-87B3-242CB600037C}.Release|Any CPU.Build.0 = Release|Any CPU
		{55696111-0D68-4FB1-86F1-16C43023354A}.Debug|Any CPU.ActiveCfg = Debug|Any CPU
		{55696111-0D68-4FB1-86F1-16C43023354A}.Debug|Any CPU.Build.0 = Debug|Any CPU
		{55696111-0D68-4FB1-86F1-16C43023354A}.Release|Any CPU.ActiveCfg = Release|Any CPU
		{55696111-0D68-4FB1-86F1-16C43023354A}.Release|Any CPU.Build.0 = Release|Any CPU
		{C669F4E8-AC2A-4D6C-A471-7E0EF4F99F34}.Debug|Any CPU.ActiveCfg = Debug|Any CPU
		{C669F4E8-AC2A-4D6C-A471-7E0EF4F99F34}.Debug|Any CPU.Build.0 = Debug|Any CPU
		{C669F4E8-AC2A-4D6C-A471-7E0EF4F99F34}.Release|Any CPU.ActiveCfg = Release|Any CPU
		{C669F4E8-AC2A-4D6C-A471-7E0EF4F99F34}.Release|Any CPU.Build.0 = Release|Any CPU
		{F116B06A-3AAB-4CE6-8615-A219C70E52B1}.Debug|Any CPU.ActiveCfg = Debug|Any CPU
		{F116B06A-3AAB-4CE6-8615-A219C70E52B1}.Debug|Any CPU.Build.0 = Debug|Any CPU
		{F116B06A-3AAB-4CE6-8615-A219C70E52B1}.Release|Any CPU.ActiveCfg = Release|Any CPU
		{F116B06A-3AAB-4CE6-8615-A219C70E52B1}.Release|Any CPU.Build.0 = Release|Any CPU
		{E71B5714-0F38-47EE-AEFC-64EB192C538D}.Debug|Any CPU.ActiveCfg = Debug|Any CPU
		{E71B5714-0F38-47EE-AEFC-64EB192C538D}.Debug|Any CPU.Build.0 = Debug|Any CPU
		{E71B5714-0F38-47EE-AEFC-64EB192C538D}.Release|Any CPU.ActiveCfg = Release|Any CPU
		{E71B5714-0F38-47EE-AEFC-64EB192C538D}.Release|Any CPU.Build.0 = Release|Any CPU
		{8D66D190-3717-40E4-B75A-E9BE35BF8A70}.Debug|Any CPU.ActiveCfg = Debug|Any CPU
		{8D66D190-3717-40E4-B75A-E9BE35BF8A70}.Debug|Any CPU.Build.0 = Debug|Any CPU
		{8D66D190-3717-40E4-B75A-E9BE35BF8A70}.Release|Any CPU.ActiveCfg = Release|Any CPU
		{8D66D190-3717-40E4-B75A-E9BE35BF8A70}.Release|Any CPU.Build.0 = Release|Any CPU
	EndGlobalSection
	GlobalSection(SolutionProperties) = preSolution
		HideSolutionNode = FALSE
	EndGlobalSection
	GlobalSection(NestedProjects) = preSolution
		{3AF09980-52AA-4511-BF31-CC4B096E9B17} = {2FB8BE07-D410-42BA-B41E-358185F47C47}
		{65000CBA-F23A-4C83-9E17-FDF9B48B7579} = {2FB8BE07-D410-42BA-B41E-358185F47C47}
		{C97BECE2-3B9E-4AAF-8C55-4F2227962580} = {2FB8BE07-D410-42BA-B41E-358185F47C47}
		{32F061D2-1DA9-4861-BC0E-93605ECA556E} = {2FB8BE07-D410-42BA-B41E-358185F47C47}
		{A35834E7-E649-4541-BEE5-0D193D3830ED} = {2FB8BE07-D410-42BA-B41E-358185F47C47}
		{D0C3423F-51C9-4D94-8135-078F420648B6} = {BFE1C8B9-5012-4E52-B8CD-AF967049584D}
		{1C51E3CF-5B8D-4F95-A151-FBA76B643B3A} = {BFE1C8B9-5012-4E52-B8CD-AF967049584D}
		{79C3D7FC-147A-40B1-A569-50368343693F} = {BFE1C8B9-5012-4E52-B8CD-AF967049584D}
		{257F9A09-9522-4866-B4F8-B502458F6A17} = {BFE1C8B9-5012-4E52-B8CD-AF967049584D}
		{AB47438E-7076-44F9-947A-BAB9C8E3209C} = {BFE1C8B9-5012-4E52-B8CD-AF967049584D}
		{7065A409-2E02-4E0A-B0EE-2C52FA3F729A} = {13E4DBE5-223F-4891-9B53-624C1BC152F8}
		{80A1499E-393E-4428-B133-48B58CB2917D} = {13E4DBE5-223F-4891-9B53-624C1BC152F8}
		{8020BDF4-55C1-4D46-BEAE-614E4D7926C3} = {13E4DBE5-223F-4891-9B53-624C1BC152F8}
		{FB5A8C72-7816-436F-87B3-242CB600037C} = {13E4DBE5-223F-4891-9B53-624C1BC152F8}
		{55696111-0D68-4FB1-86F1-16C43023354A} = {E37B7352-1594-4ECD-9077-A5553ACDF174}
		{C669F4E8-AC2A-4D6C-A471-7E0EF4F99F34} = {E37B7352-1594-4ECD-9077-A5553ACDF174}
		{F116B06A-3AAB-4CE6-8615-A219C70E52B1} = {E37B7352-1594-4ECD-9077-A5553ACDF174}
		{E71B5714-0F38-47EE-AEFC-64EB192C538D} = {E37B7352-1594-4ECD-9077-A5553ACDF174}
		{8D66D190-3717-40E4-B75A-E9BE35BF8A70} = {CC115987-4EC1-417E-AC9B-31985DAE90FE}
	EndGlobalSection
	GlobalSection(ExtensibilityGlobals) = postSolution
		SolutionGuid = {5CB04A2A-4FE6-4B52-8454-417A4674B7DA}
	EndGlobalSection
EndGlobal
